
Microsoft Visual Studio Solution File, Format Version 12.00
# Visual Studio 15
VisualStudioVersion = 15.0.27703.2035
MinimumVisualStudioVersion = 10.0.40219.1
Project("{FAE04EC0-301F-11D3-BF4B-00C04F79EFBC}") = "Ecommerce", "Ecommerce\Ecommerce.csproj", "{1D0542E9-B725-418B-9050-D9660678E3E5}"
EndProject
Global
	GlobalSection(SolutionConfigurationPlatforms) = preSolution
		Debug|Any CPU = Debug|Any CPU
		Release|Any CPU = Release|Any CPU
	EndGlobalSection
	GlobalSection(ProjectConfigurationPlatforms) = postSolution
		{1D0542E9-B725-418B-9050-D9660678E3E5}.Debug|Any CPU.ActiveCfg = Debug|Any CPU
		{1D0542E9-B725-418B-9050-D9660678E3E5}.Debug|Any CPU.Build.0 = Debug|Any CPU
		{1D0542E9-B725-418B-9050-D9660678E3E5}.Release|Any CPU.ActiveCfg = Release|Any CPU
		{1D0542E9-B725-418B-9050-D9660678E3E5}.Release|Any CPU.Build.0 = Release|Any CPU
	EndGlobalSection
	GlobalSection(SolutionProperties) = preSolution
		HideSolutionNode = FALSE
	EndGlobalSection
	GlobalSection(ExtensibilityGlobals) = postSolution
		SolutionGuid = {4585DE1C-D5A1-41C2-BD24-7E31701F335C}
	EndGlobalSection
EndGlobal
